// !$*UTF8*$!
{
	archiveVersion = 1;
	classes = {
	};
	objectVersion = 56;
	objects = {

/* Begin PBXBuildFile section */
		3D1B64C32B66CF5600FC720E /* SignInView.swift in Sources */ = {isa = PBXBuildFile; fileRef = 3D1B64C22B66CF5600FC720E /* SignInView.swift */; };
		3D27CED92B66CAAE003C81C5 /* AppDelegate.swift in Sources */ = {isa = PBXBuildFile; fileRef = 3D27CED82B66CAAE003C81C5 /* AppDelegate.swift */; };
		3D27CEDD2B66CAAF003C81C5 /* Assets.xcassets in Resources */ = {isa = PBXBuildFile; fileRef = 3D27CEDC2B66CAAF003C81C5 /* Assets.xcassets */; };
		3D27CEE02B66CAAF003C81C5 /* Preview Assets.xcassets in Resources */ = {isa = PBXBuildFile; fileRef = 3D27CEDF2B66CAAF003C81C5 /* Preview Assets.xcassets */; };
		3DC71B172B927C8B00AA98C3 /* Constants.swift in Sources */ = {isa = PBXBuildFile; fileRef = 3DC71B162B927C8B00AA98C3 /* Constants.swift */; };
		3DC71B1B2B931DEB00AA98C3 /* Localizable.strings in Resources */ = {isa = PBXBuildFile; fileRef = 3DC71B1A2B931DEB00AA98C3 /* Localizable.strings */; };
		3DC71B1D2B9328D000AA98C3 /* Strings+Generated.swift in Sources */ = {isa = PBXBuildFile; fileRef = 3DC71B1C2B9328D000AA98C3 /* Strings+Generated.swift */; };
		3DC71B232B93425700AA98C3 /* KeyboardReadable+Extensions.swift in Sources */ = {isa = PBXBuildFile; fileRef = 3DC71B222B93425700AA98C3 /* KeyboardReadable+Extensions.swift */; };
		3DC71B252B93CCB200AA98C3 /* View+Extensions.swift in Sources */ = {isa = PBXBuildFile; fileRef = 3DC71B242B93CCB200AA98C3 /* View+Extensions.swift */; };
		C304BC872BA1081400256450 /* Office.swift in Sources */ = {isa = PBXBuildFile; fileRef = C304BC862BA1081400256450 /* Office.swift */; };
		C304C91E2BE5877C0003D59D /* IdeaPostResponse.swift in Sources */ = {isa = PBXBuildFile; fileRef = C304C91D2BE5877C0003D59D /* IdeaPostResponse.swift */; };
		C3098E052BED5BB300692D62 /* FilterView.swift in Sources */ = {isa = PBXBuildFile; fileRef = C3098E042BED5BB300692D62 /* FilterView.swift */; };
		C3098E072BEE66BA00692D62 /* FilterViewModel.swift in Sources */ = {isa = PBXBuildFile; fileRef = C3098E062BEE66BA00692D62 /* FilterViewModel.swift */; };
		C3098E092BEE66D900692D62 /* FilterCoordinator.swift in Sources */ = {isa = PBXBuildFile; fileRef = C3098E082BEE66D900692D62 /* FilterCoordinator.swift */; };
		C3098E0B2BEE7E9700692D62 /* GetPostsAction.swift in Sources */ = {isa = PBXBuildFile; fileRef = C3098E0A2BEE7E9700692D62 /* GetPostsAction.swift */; };
		C32221AD2BAB21A00063DDF2 /* HomeView.swift in Sources */ = {isa = PBXBuildFile; fileRef = C32221AC2BAB21A00063DDF2 /* HomeView.swift */; };
		C32221AF2BAB220D0063DDF2 /* FavoritesView.swift in Sources */ = {isa = PBXBuildFile; fileRef = C32221AE2BAB220D0063DDF2 /* FavoritesView.swift */; };
		C32221B12BAB254A0063DDF2 /* MyOfficeCoordinator.swift in Sources */ = {isa = PBXBuildFile; fileRef = C32221B02BAB254A0063DDF2 /* MyOfficeCoordinator.swift */; };
		C32221B32BAB25570063DDF2 /* MyOfficeView.swift in Sources */ = {isa = PBXBuildFile; fileRef = C32221B22BAB25570063DDF2 /* MyOfficeView.swift */; };
		C32221B52BAB2DAF0063DDF2 /* SignInCoordinator.swift in Sources */ = {isa = PBXBuildFile; fileRef = C32221B42BAB2DAF0063DDF2 /* SignInCoordinator.swift */; };
		C32221B82BAB3A880063DDF2 /* ProfileCoordinator.swift in Sources */ = {isa = PBXBuildFile; fileRef = C32221B72BAB3A880063DDF2 /* ProfileCoordinator.swift */; };
		C32221BA2BAB3ACD0063DDF2 /* ProfileView.swift in Sources */ = {isa = PBXBuildFile; fileRef = C32221B92BAB3ACD0063DDF2 /* ProfileView.swift */; };
		C32221BD2BAB3CBB0063DDF2 /* PostView.swift in Sources */ = {isa = PBXBuildFile; fileRef = C32221BC2BAB3CBB0063DDF2 /* PostView.swift */; };
		C32221E02BB372AE0063DDF2 /* CommentView.swift in Sources */ = {isa = PBXBuildFile; fileRef = C32221DF2BB372AE0063DDF2 /* CommentView.swift */; };
		C32AA0242BA73D1700477E68 /* SignUpView.swift in Sources */ = {isa = PBXBuildFile; fileRef = C32AA0232BA73D1700477E68 /* SignUpView.swift */; };
		C32AA0272BA73D6100477E68 /* HybridTextField.swift in Sources */ = {isa = PBXBuildFile; fileRef = C32AA0262BA73D6100477E68 /* HybridTextField.swift */; };
		C32AA02A2BA73D9D00477E68 /* SignUpNextView.swift in Sources */ = {isa = PBXBuildFile; fileRef = C32AA0292BA73D9D00477E68 /* SignUpNextView.swift */; };
		C32AA02C2BA73DC700477E68 /* CustomTextField.swift in Sources */ = {isa = PBXBuildFile; fileRef = C32AA02B2BA73DC700477E68 /* CustomTextField.swift */; };
		C32AA02E2BA73DFC00477E68 /* CarousalView.swift in Sources */ = {isa = PBXBuildFile; fileRef = C32AA02D2BA73DFC00477E68 /* CarousalView.swift */; };
		C32AA0312BA73EA300477E68 /* Coordinator.swift in Sources */ = {isa = PBXBuildFile; fileRef = C32AA0302BA73EA300477E68 /* Coordinator.swift */; };
		C32AA0332BA74EC500477E68 /* AppCoordinator.swift in Sources */ = {isa = PBXBuildFile; fileRef = C32AA0322BA74EC500477E68 /* AppCoordinator.swift */; };
		C32AA0362BA75A4600477E68 /* SceneDelegate.swift in Sources */ = {isa = PBXBuildFile; fileRef = C32AA0352BA75A4600477E68 /* SceneDelegate.swift */; };
		C33FFAE72BD7FA68008D2A1C /* ProfileViewModel.swift in Sources */ = {isa = PBXBuildFile; fileRef = C33FFAE62BD7FA68008D2A1C /* ProfileViewModel.swift */; };
		C33FFAEB2BD801B9008D2A1C /* UserInfoResponse.swift in Sources */ = {isa = PBXBuildFile; fileRef = C33FFAEA2BD801B9008D2A1C /* UserInfoResponse.swift */; };
		C33FFAED2BD8054E008D2A1C /* GetUserInfoAction.swift in Sources */ = {isa = PBXBuildFile; fileRef = C33FFAEC2BD8054E008D2A1C /* GetUserInfoAction.swift */; };
		C33FFAEF2BD82A08008D2A1C /* UIImage+Extensions.swift in Sources */ = {isa = PBXBuildFile; fileRef = C33FFAEE2BD82A08008D2A1C /* UIImage+Extensions.swift */; };
		C33FFAF12BD82A28008D2A1C /* String+Extensions.swift in Sources */ = {isa = PBXBuildFile; fileRef = C33FFAF02BD82A28008D2A1C /* String+Extensions.swift */; };
		C354E2BA2BCADA270071D81A /* SignUpResponse.swift in Sources */ = {isa = PBXBuildFile; fileRef = C354E2B92BCADA270071D81A /* SignUpResponse.swift */; };
		C354E2BC2BCB13460071D81A /* LoadingView.swift in Sources */ = {isa = PBXBuildFile; fileRef = C354E2BB2BCB13460071D81A /* LoadingView.swift */; };
		C39118392BC72B5900A74485 /* ValidationAction.swift in Sources */ = {isa = PBXBuildFile; fileRef = C39118382BC72B5900A74485 /* ValidationAction.swift */; };
		C39CB13F2BDFC5EF008B8537 /* SetUpProfileView.swift in Sources */ = {isa = PBXBuildFile; fileRef = C39CB13E2BDFC5EF008B8537 /* SetUpProfileView.swift */; };
		C39CB1412BDFC66C008B8537 /* SetUpProfileCoordinator.swift in Sources */ = {isa = PBXBuildFile; fileRef = C39CB1402BDFC66C008B8537 /* SetUpProfileCoordinator.swift */; };
		C39CB1452BDFFC76008B8537 /* SaveUserInfoAction.swift in Sources */ = {isa = PBXBuildFile; fileRef = C39CB1442BDFFC76008B8537 /* SaveUserInfoAction.swift */; };
		C39CB1482BE10E64008B8537 /* FetchOfficesAction.swift in Sources */ = {isa = PBXBuildFile; fileRef = C39CB1472BE10E64008B8537 /* FetchOfficesAction.swift */; };
		C39CB14A2BE1138D008B8537 /* UploadImageAction.swift in Sources */ = {isa = PBXBuildFile; fileRef = C39CB1492BE1138D008B8537 /* UploadImageAction.swift */; };
		C39CB14C2BE14B0B008B8537 /* HomeViewModel.swift in Sources */ = {isa = PBXBuildFile; fileRef = C39CB14B2BE14B0B008B8537 /* HomeViewModel.swift */; };
		C39CB14F2BE14D72008B8537 /* SuggestIdeaView.swift in Sources */ = {isa = PBXBuildFile; fileRef = C39CB14E2BE14D72008B8537 /* SuggestIdeaView.swift */; };
		C39CB1512BE1563F008B8537 /* SuggestIdeaCoordinator.swift in Sources */ = {isa = PBXBuildFile; fileRef = C39CB1502BE1563F008B8537 /* SuggestIdeaCoordinator.swift */; };
		C39CB1532BE24E0A008B8537 /* SuggestIdeaViewModel.swift in Sources */ = {isa = PBXBuildFile; fileRef = C39CB1522BE24E0A008B8537 /* SuggestIdeaViewModel.swift */; };
		C3A3AAF82BBDC470008C707D /* SignInViewModel.swift in Sources */ = {isa = PBXBuildFile; fileRef = C3A3AAF72BBDC470008C707D /* SignInViewModel.swift */; };
		C3A3AAFA2BBDC606008C707D /* SignInRequest.swift in Sources */ = {isa = PBXBuildFile; fileRef = C3A3AAF92BBDC606008C707D /* SignInRequest.swift */; };
		C3A3AAFC2BBDC90A008C707D /* SignInResponse.swift in Sources */ = {isa = PBXBuildFile; fileRef = C3A3AAFB2BBDC90A008C707D /* SignInResponse.swift */; };
		C3A3AAFE2BBDC99B008C707D /* SignInAction.swift in Sources */ = {isa = PBXBuildFile; fileRef = C3A3AAFD2BBDC99B008C707D /* SignInAction.swift */; };
		C3A3AB012BBDF297008C707D /* SwiftKeychainWrapper in Frameworks */ = {isa = PBXBuildFile; productRef = C3A3AB002BBDF297008C707D /* SwiftKeychainWrapper */; };
		C3A3AB0A2BBDF5D2008C707D /* Auth.swift in Sources */ = {isa = PBXBuildFile; fileRef = C3A3AB092BBDF5D2008C707D /* Auth.swift */; };
		C3CBD4892BA76E47005968EF /* SignUpCoordinator.swift in Sources */ = {isa = PBXBuildFile; fileRef = C3CBD4882BA76E47005968EF /* SignUpCoordinator.swift */; };
		C3CBD48C2BA77EE5005968EF /* MainCoordinator.swift in Sources */ = {isa = PBXBuildFile; fileRef = C3CBD48B2BA77EE5005968EF /* MainCoordinator.swift */; };
		C3CBD4922BA7800A005968EF /* HomeCoordinator.swift in Sources */ = {isa = PBXBuildFile; fileRef = C3CBD4912BA7800A005968EF /* HomeCoordinator.swift */; };
		C3CBD4942BA78039005968EF /* FavoritesCoordinator.swift in Sources */ = {isa = PBXBuildFile; fileRef = C3CBD4932BA78039005968EF /* FavoritesCoordinator.swift */; };
		C3E7F6CE2BC1E933002F68EA /* NetworkError.swift in Sources */ = {isa = PBXBuildFile; fileRef = C3E7F6CD2BC1E933002F68EA /* NetworkError.swift */; };
		C3E7F6D02BC2DDEA002F68EA /* SignUpViewModel.swift in Sources */ = {isa = PBXBuildFile; fileRef = C3E7F6CF2BC2DDEA002F68EA /* SignUpViewModel.swift */; };
		C3E7F6D42BC33730002F68EA /* SignUpRequest.swift in Sources */ = {isa = PBXBuildFile; fileRef = C3E7F6D32BC33730002F68EA /* SignUpRequest.swift */; };
		C3E7F6F62BC4898F002F68EA /* SignUpAction.swift in Sources */ = {isa = PBXBuildFile; fileRef = C3E7F6F52BC4898F002F68EA /* SignUpAction.swift */; };
		C3E7F6F92BC48CC2002F68EA /* SDWebImageSwiftUI in Frameworks */ = {isa = PBXBuildFile; productRef = C3E7F6F82BC48CC2002F68EA /* SDWebImageSwiftUI */; };
/* End PBXBuildFile section */

/* Begin PBXFileReference section */
		3D1B64C22B66CF5600FC720E /* SignInView.swift */ = {isa = PBXFileReference; lastKnownFileType = sourcecode.swift; path = SignInView.swift; sourceTree = "<group>"; };
		3D27CED52B66CAAE003C81C5 /* Ideas-for-office-environment.app */ = {isa = PBXFileReference; explicitFileType = wrapper.application; includeInIndex = 0; path = "Ideas-for-office-environment.app"; sourceTree = BUILT_PRODUCTS_DIR; };
		3D27CED82B66CAAE003C81C5 /* AppDelegate.swift */ = {isa = PBXFileReference; lastKnownFileType = sourcecode.swift; path = AppDelegate.swift; sourceTree = "<group>"; };
		3D27CEDC2B66CAAF003C81C5 /* Assets.xcassets */ = {isa = PBXFileReference; lastKnownFileType = folder.assetcatalog; path = Assets.xcassets; sourceTree = "<group>"; };
		3D27CEDF2B66CAAF003C81C5 /* Preview Assets.xcassets */ = {isa = PBXFileReference; lastKnownFileType = folder.assetcatalog; path = "Preview Assets.xcassets"; sourceTree = "<group>"; };
		3DC71B162B927C8B00AA98C3 /* Constants.swift */ = {isa = PBXFileReference; lastKnownFileType = sourcecode.swift; path = Constants.swift; sourceTree = "<group>"; };
		3DC71B1A2B931DEB00AA98C3 /* Localizable.strings */ = {isa = PBXFileReference; lastKnownFileType = text.plist.strings; path = Localizable.strings; sourceTree = "<group>"; };
		3DC71B1C2B9328D000AA98C3 /* Strings+Generated.swift */ = {isa = PBXFileReference; fileEncoding = 4; lastKnownFileType = sourcecode.swift; path = "Strings+Generated.swift"; sourceTree = "<group>"; };
		3DC71B222B93425700AA98C3 /* KeyboardReadable+Extensions.swift */ = {isa = PBXFileReference; lastKnownFileType = sourcecode.swift; path = "KeyboardReadable+Extensions.swift"; sourceTree = "<group>"; };
		3DC71B242B93CCB200AA98C3 /* View+Extensions.swift */ = {isa = PBXFileReference; lastKnownFileType = sourcecode.swift; path = "View+Extensions.swift"; sourceTree = "<group>"; };
		C304BC862BA1081400256450 /* Office.swift */ = {isa = PBXFileReference; lastKnownFileType = sourcecode.swift; path = Office.swift; sourceTree = "<group>"; };
		C304C91D2BE5877C0003D59D /* IdeaPostResponse.swift */ = {isa = PBXFileReference; lastKnownFileType = sourcecode.swift; path = IdeaPostResponse.swift; sourceTree = "<group>"; };
		C3098E042BED5BB300692D62 /* FilterView.swift */ = {isa = PBXFileReference; lastKnownFileType = sourcecode.swift; path = FilterView.swift; sourceTree = "<group>"; };
		C3098E062BEE66BA00692D62 /* FilterViewModel.swift */ = {isa = PBXFileReference; lastKnownFileType = sourcecode.swift; path = FilterViewModel.swift; sourceTree = "<group>"; };
		C3098E082BEE66D900692D62 /* FilterCoordinator.swift */ = {isa = PBXFileReference; lastKnownFileType = sourcecode.swift; path = FilterCoordinator.swift; sourceTree = "<group>"; };
		C3098E0A2BEE7E9700692D62 /* GetPostsAction.swift */ = {isa = PBXFileReference; lastKnownFileType = sourcecode.swift; path = GetPostsAction.swift; sourceTree = "<group>"; };
		C32221AC2BAB21A00063DDF2 /* HomeView.swift */ = {isa = PBXFileReference; lastKnownFileType = sourcecode.swift; path = HomeView.swift; sourceTree = "<group>"; };
		C32221AE2BAB220D0063DDF2 /* FavoritesView.swift */ = {isa = PBXFileReference; lastKnownFileType = sourcecode.swift; path = FavoritesView.swift; sourceTree = "<group>"; };
		C32221B02BAB254A0063DDF2 /* MyOfficeCoordinator.swift */ = {isa = PBXFileReference; lastKnownFileType = sourcecode.swift; path = MyOfficeCoordinator.swift; sourceTree = "<group>"; };
		C32221B22BAB25570063DDF2 /* MyOfficeView.swift */ = {isa = PBXFileReference; lastKnownFileType = sourcecode.swift; path = MyOfficeView.swift; sourceTree = "<group>"; };
		C32221B42BAB2DAF0063DDF2 /* SignInCoordinator.swift */ = {isa = PBXFileReference; lastKnownFileType = sourcecode.swift; path = SignInCoordinator.swift; sourceTree = "<group>"; };
		C32221B72BAB3A880063DDF2 /* ProfileCoordinator.swift */ = {isa = PBXFileReference; lastKnownFileType = sourcecode.swift; path = ProfileCoordinator.swift; sourceTree = "<group>"; };
		C32221B92BAB3ACD0063DDF2 /* ProfileView.swift */ = {isa = PBXFileReference; lastKnownFileType = sourcecode.swift; path = ProfileView.swift; sourceTree = "<group>"; };
		C32221BC2BAB3CBB0063DDF2 /* PostView.swift */ = {isa = PBXFileReference; lastKnownFileType = sourcecode.swift; path = PostView.swift; sourceTree = "<group>"; };
		C32221DF2BB372AE0063DDF2 /* CommentView.swift */ = {isa = PBXFileReference; lastKnownFileType = sourcecode.swift; path = CommentView.swift; sourceTree = "<group>"; };
		C32AA0232BA73D1700477E68 /* SignUpView.swift */ = {isa = PBXFileReference; lastKnownFileType = sourcecode.swift; path = SignUpView.swift; sourceTree = "<group>"; };
		C32AA0262BA73D6100477E68 /* HybridTextField.swift */ = {isa = PBXFileReference; lastKnownFileType = sourcecode.swift; path = HybridTextField.swift; sourceTree = "<group>"; };
		C32AA0292BA73D9D00477E68 /* SignUpNextView.swift */ = {isa = PBXFileReference; lastKnownFileType = sourcecode.swift; path = SignUpNextView.swift; sourceTree = "<group>"; };
		C32AA02B2BA73DC700477E68 /* CustomTextField.swift */ = {isa = PBXFileReference; lastKnownFileType = sourcecode.swift; path = CustomTextField.swift; sourceTree = "<group>"; };
		C32AA02D2BA73DFC00477E68 /* CarousalView.swift */ = {isa = PBXFileReference; lastKnownFileType = sourcecode.swift; path = CarousalView.swift; sourceTree = "<group>"; };
		C32AA0302BA73EA300477E68 /* Coordinator.swift */ = {isa = PBXFileReference; lastKnownFileType = sourcecode.swift; path = Coordinator.swift; sourceTree = "<group>"; };
		C32AA0322BA74EC500477E68 /* AppCoordinator.swift */ = {isa = PBXFileReference; lastKnownFileType = sourcecode.swift; path = AppCoordinator.swift; sourceTree = "<group>"; };
		C32AA0342BA7596000477E68 /* Info.plist */ = {isa = PBXFileReference; lastKnownFileType = text.plist.xml; path = Info.plist; sourceTree = "<group>"; };
		C32AA0352BA75A4600477E68 /* SceneDelegate.swift */ = {isa = PBXFileReference; lastKnownFileType = sourcecode.swift; path = SceneDelegate.swift; sourceTree = "<group>"; };
		C33FFAE62BD7FA68008D2A1C /* ProfileViewModel.swift */ = {isa = PBXFileReference; lastKnownFileType = sourcecode.swift; path = ProfileViewModel.swift; sourceTree = "<group>"; };
		C33FFAEA2BD801B9008D2A1C /* UserInfoResponse.swift */ = {isa = PBXFileReference; lastKnownFileType = sourcecode.swift; path = UserInfoResponse.swift; sourceTree = "<group>"; };
		C33FFAEC2BD8054E008D2A1C /* GetUserInfoAction.swift */ = {isa = PBXFileReference; lastKnownFileType = sourcecode.swift; path = GetUserInfoAction.swift; sourceTree = "<group>"; };
		C33FFAEE2BD82A08008D2A1C /* UIImage+Extensions.swift */ = {isa = PBXFileReference; lastKnownFileType = sourcecode.swift; path = "UIImage+Extensions.swift"; sourceTree = "<group>"; };
		C33FFAF02BD82A28008D2A1C /* String+Extensions.swift */ = {isa = PBXFileReference; lastKnownFileType = sourcecode.swift; path = "String+Extensions.swift"; sourceTree = "<group>"; };
		C354E2B92BCADA270071D81A /* SignUpResponse.swift */ = {isa = PBXFileReference; lastKnownFileType = sourcecode.swift; path = SignUpResponse.swift; sourceTree = "<group>"; };
		C354E2BB2BCB13460071D81A /* LoadingView.swift */ = {isa = PBXFileReference; lastKnownFileType = sourcecode.swift; path = LoadingView.swift; sourceTree = "<group>"; };
		C39118382BC72B5900A74485 /* ValidationAction.swift */ = {isa = PBXFileReference; lastKnownFileType = sourcecode.swift; path = ValidationAction.swift; sourceTree = "<group>"; };
		C39CB13E2BDFC5EF008B8537 /* SetUpProfileView.swift */ = {isa = PBXFileReference; lastKnownFileType = sourcecode.swift; path = SetUpProfileView.swift; sourceTree = "<group>"; };
		C39CB1402BDFC66C008B8537 /* SetUpProfileCoordinator.swift */ = {isa = PBXFileReference; lastKnownFileType = sourcecode.swift; path = SetUpProfileCoordinator.swift; sourceTree = "<group>"; };
		C39CB1442BDFFC76008B8537 /* SaveUserInfoAction.swift */ = {isa = PBXFileReference; lastKnownFileType = sourcecode.swift; path = SaveUserInfoAction.swift; sourceTree = "<group>"; };
		C39CB1472BE10E64008B8537 /* FetchOfficesAction.swift */ = {isa = PBXFileReference; lastKnownFileType = sourcecode.swift; name = FetchOfficesAction.swift; path = ../../../../../../../Documents/FetchOfficesAction.swift; sourceTree = "<group>"; };
		C39CB1492BE1138D008B8537 /* UploadImageAction.swift */ = {isa = PBXFileReference; lastKnownFileType = sourcecode.swift; path = UploadImageAction.swift; sourceTree = "<group>"; };
		C39CB14B2BE14B0B008B8537 /* HomeViewModel.swift */ = {isa = PBXFileReference; lastKnownFileType = sourcecode.swift; path = HomeViewModel.swift; sourceTree = "<group>"; };
		C39CB14E2BE14D72008B8537 /* SuggestIdeaView.swift */ = {isa = PBXFileReference; lastKnownFileType = sourcecode.swift; path = SuggestIdeaView.swift; sourceTree = "<group>"; };
		C39CB1502BE1563F008B8537 /* SuggestIdeaCoordinator.swift */ = {isa = PBXFileReference; lastKnownFileType = sourcecode.swift; path = SuggestIdeaCoordinator.swift; sourceTree = "<group>"; };
		C39CB1522BE24E0A008B8537 /* SuggestIdeaViewModel.swift */ = {isa = PBXFileReference; lastKnownFileType = sourcecode.swift; path = SuggestIdeaViewModel.swift; sourceTree = "<group>"; };
		C3A3AAF72BBDC470008C707D /* SignInViewModel.swift */ = {isa = PBXFileReference; lastKnownFileType = sourcecode.swift; path = SignInViewModel.swift; sourceTree = "<group>"; };
		C3A3AAF92BBDC606008C707D /* SignInRequest.swift */ = {isa = PBXFileReference; lastKnownFileType = sourcecode.swift; path = SignInRequest.swift; sourceTree = "<group>"; };
		C3A3AAFB2BBDC90A008C707D /* SignInResponse.swift */ = {isa = PBXFileReference; lastKnownFileType = sourcecode.swift; path = SignInResponse.swift; sourceTree = "<group>"; };
		C3A3AAFD2BBDC99B008C707D /* SignInAction.swift */ = {isa = PBXFileReference; lastKnownFileType = sourcecode.swift; path = SignInAction.swift; sourceTree = "<group>"; };
		C3A3AB092BBDF5D2008C707D /* Auth.swift */ = {isa = PBXFileReference; lastKnownFileType = sourcecode.swift; path = Auth.swift; sourceTree = "<group>"; };
		C3CBD4882BA76E47005968EF /* SignUpCoordinator.swift */ = {isa = PBXFileReference; lastKnownFileType = sourcecode.swift; path = SignUpCoordinator.swift; sourceTree = "<group>"; };
		C3CBD48B2BA77EE5005968EF /* MainCoordinator.swift */ = {isa = PBXFileReference; lastKnownFileType = sourcecode.swift; path = MainCoordinator.swift; sourceTree = "<group>"; };
		C3CBD4912BA7800A005968EF /* HomeCoordinator.swift */ = {isa = PBXFileReference; lastKnownFileType = sourcecode.swift; path = HomeCoordinator.swift; sourceTree = "<group>"; };
		C3CBD4932BA78039005968EF /* FavoritesCoordinator.swift */ = {isa = PBXFileReference; lastKnownFileType = sourcecode.swift; path = FavoritesCoordinator.swift; sourceTree = "<group>"; };
		C3E7F6CD2BC1E933002F68EA /* NetworkError.swift */ = {isa = PBXFileReference; lastKnownFileType = sourcecode.swift; path = NetworkError.swift; sourceTree = "<group>"; };
		C3E7F6CF2BC2DDEA002F68EA /* SignUpViewModel.swift */ = {isa = PBXFileReference; lastKnownFileType = sourcecode.swift; path = SignUpViewModel.swift; sourceTree = "<group>"; };
		C3E7F6D32BC33730002F68EA /* SignUpRequest.swift */ = {isa = PBXFileReference; lastKnownFileType = sourcecode.swift; path = SignUpRequest.swift; sourceTree = "<group>"; };
		C3E7F6F52BC4898F002F68EA /* SignUpAction.swift */ = {isa = PBXFileReference; lastKnownFileType = sourcecode.swift; path = SignUpAction.swift; sourceTree = "<group>"; };
/* End PBXFileReference section */

/* Begin PBXFrameworksBuildPhase section */
		3D27CED22B66CAAE003C81C5 /* Frameworks */ = {
			isa = PBXFrameworksBuildPhase;
			buildActionMask = 2147483647;
			files = (
				C3E7F6F92BC48CC2002F68EA /* SDWebImageSwiftUI in Frameworks */,
				C3A3AB012BBDF297008C707D /* SwiftKeychainWrapper in Frameworks */,
			);
			runOnlyForDeploymentPostprocessing = 0;
		};
/* End PBXFrameworksBuildPhase section */

/* Begin PBXGroup section */
		3D27CECC2B66CAAE003C81C5 = {
			isa = PBXGroup;
			children = (
				3D27CED72B66CAAE003C81C5 /* Ideas-for-office-environment */,
				3D27CED62B66CAAE003C81C5 /* Products */,
			);
			sourceTree = "<group>";
		};
		3D27CED62B66CAAE003C81C5 /* Products */ = {
			isa = PBXGroup;
			children = (
				3D27CED52B66CAAE003C81C5 /* Ideas-for-office-environment.app */,
			);
			name = Products;
			sourceTree = "<group>";
		};
		3D27CED72B66CAAE003C81C5 /* Ideas-for-office-environment */ = {
			isa = PBXGroup;
			children = (
				C39CB1462BE10A67008B8537 /* Actions */,
				C3E7F6CC2BC1E917002F68EA /* Enums */,
				C3A3AB082BBDF5BC008C707D /* Utilities */,
				3D27CEE72B66CCEA003C81C5 /* App */,
				C32AA02F2BA73E9500477E68 /* Protocols */,
				C32AA0252BA73D3800477E68 /* Helpers */,
				3DC71B212B93424A00AA98C3 /* Extensions */,
				C3FC5E012B9E23E400F0D8D7 /* Models */,
				C32AA0202BA73C6900477E68 /* Screens */,
				3D27CEDE2B66CAAF003C81C5 /* Preview Content */,
				3D27CEEA2B66CD1E003C81C5 /* Resources */,
				C32AA0342BA7596000477E68 /* Info.plist */,
				3DC71B162B927C8B00AA98C3 /* Constants.swift */,
				3DC71B1A2B931DEB00AA98C3 /* Localizable.strings */,
				3DC71B1C2B9328D000AA98C3 /* Strings+Generated.swift */,
			);
			path = "Ideas-for-office-environment";
			sourceTree = "<group>";
		};
		3D27CEDE2B66CAAF003C81C5 /* Preview Content */ = {
			isa = PBXGroup;
			children = (
				3D27CEDF2B66CAAF003C81C5 /* Preview Assets.xcassets */,
			);
			path = "Preview Content";
			sourceTree = "<group>";
		};
		3D27CEE72B66CCEA003C81C5 /* App */ = {
			isa = PBXGroup;
			children = (
				3D27CED82B66CAAE003C81C5 /* AppDelegate.swift */,
				C32AA0322BA74EC500477E68 /* AppCoordinator.swift */,
				C32AA0352BA75A4600477E68 /* SceneDelegate.swift */,
			);
			path = App;
			sourceTree = "<group>";
		};
		3D27CEEA2B66CD1E003C81C5 /* Resources */ = {
			isa = PBXGroup;
			children = (
				3D27CEDC2B66CAAF003C81C5 /* Assets.xcassets */,
			);
			path = Resources;
			sourceTree = "<group>";
		};
		3DC71B212B93424A00AA98C3 /* Extensions */ = {
			isa = PBXGroup;
			children = (
				3DC71B222B93425700AA98C3 /* KeyboardReadable+Extensions.swift */,
				3DC71B242B93CCB200AA98C3 /* View+Extensions.swift */,
				C33FFAEE2BD82A08008D2A1C /* UIImage+Extensions.swift */,
				C33FFAF02BD82A28008D2A1C /* String+Extensions.swift */,
			);
			path = Extensions;
			sourceTree = "<group>";
		};
		C3098E032BED5AB200692D62 /* FilterScreen */ = {
			isa = PBXGroup;
			children = (
				C3098E042BED5BB300692D62 /* FilterView.swift */,
				C3098E062BEE66BA00692D62 /* FilterViewModel.swift */,
				C3098E082BEE66D900692D62 /* FilterCoordinator.swift */,
			);
			path = FilterScreen;
			sourceTree = "<group>";
		};
		C32221BB2BAB3CAA0063DDF2 /* Post */ = {
			isa = PBXGroup;
			children = (
				C32221BC2BAB3CBB0063DDF2 /* PostView.swift */,
				C32221DF2BB372AE0063DDF2 /* CommentView.swift */,
			);
			path = Post;
			sourceTree = "<group>";
		};
		C32AA0202BA73C6900477E68 /* Screens */ = {
			isa = PBXGroup;
			children = (
				C32221BB2BAB3CAA0063DDF2 /* Post */,
				C3CBD48A2BA77ECD005968EF /* MainScreens */,
				C32AA0222BA73CDA00477E68 /* SignUpScreen */,
				C32AA0212BA73CB500477E68 /* SignInScreen */,
			);
			path = Screens;
			sourceTree = "<group>";
		};
		C32AA0212BA73CB500477E68 /* SignInScreen */ = {
			isa = PBXGroup;
			children = (
				3D1B64C22B66CF5600FC720E /* SignInView.swift */,
				C32221B42BAB2DAF0063DDF2 /* SignInCoordinator.swift */,
				C3A3AAF72BBDC470008C707D /* SignInViewModel.swift */,
			);
			path = SignInScreen;
			sourceTree = "<group>";
		};
		C32AA0222BA73CDA00477E68 /* SignUpScreen */ = {
			isa = PBXGroup;
			children = (
				C32AA0292BA73D9D00477E68 /* SignUpNextView.swift */,
				C32AA0232BA73D1700477E68 /* SignUpView.swift */,
				C3CBD4882BA76E47005968EF /* SignUpCoordinator.swift */,
				C3E7F6CF2BC2DDEA002F68EA /* SignUpViewModel.swift */,
			);
			path = SignUpScreen;
			sourceTree = "<group>";
		};
		C32AA0252BA73D3800477E68 /* Helpers */ = {
			isa = PBXGroup;
			children = (
				C32AA02D2BA73DFC00477E68 /* CarousalView.swift */,
				C32AA0262BA73D6100477E68 /* HybridTextField.swift */,
				C32AA02B2BA73DC700477E68 /* CustomTextField.swift */,
				C354E2BB2BCB13460071D81A /* LoadingView.swift */,
			);
			path = Helpers;
			sourceTree = "<group>";
		};
		C32AA02F2BA73E9500477E68 /* Protocols */ = {
			isa = PBXGroup;
			children = (
				C32AA0302BA73EA300477E68 /* Coordinator.swift */,
			);
			path = Protocols;
			sourceTree = "<group>";
		};
		C33FFAE82BD80165008D2A1C /* Requests */ = {
			isa = PBXGroup;
			children = (
				C3A3AAF92BBDC606008C707D /* SignInRequest.swift */,
				C3E7F6D32BC33730002F68EA /* SignUpRequest.swift */,
			);
			path = Requests;
			sourceTree = "<group>";
		};
		C33FFAE92BD8017D008D2A1C /* Responses */ = {
			isa = PBXGroup;
			children = (
				C304BC862BA1081400256450 /* Office.swift */,
				C354E2B92BCADA270071D81A /* SignUpResponse.swift */,
				C3A3AAFB2BBDC90A008C707D /* SignInResponse.swift */,
				C33FFAEA2BD801B9008D2A1C /* UserInfoResponse.swift */,
				C304C91D2BE5877C0003D59D /* IdeaPostResponse.swift */,
			);
			path = Responses;
			sourceTree = "<group>";
		};
		C39CB13D2BDFC5B5008B8537 /* SetUpProfileScreen */ = {
			isa = PBXGroup;
			children = (
				C39CB13E2BDFC5EF008B8537 /* SetUpProfileView.swift */,
				C39CB1402BDFC66C008B8537 /* SetUpProfileCoordinator.swift */,
			);
			path = SetUpProfileScreen;
			sourceTree = "<group>";
		};
		C39CB1462BE10A67008B8537 /* Actions */ = {
			isa = PBXGroup;
			children = (
				C3E7F6F52BC4898F002F68EA /* SignUpAction.swift */,
				C39118382BC72B5900A74485 /* ValidationAction.swift */,
				C33FFAEC2BD8054E008D2A1C /* GetUserInfoAction.swift */,
				C3A3AAFD2BBDC99B008C707D /* SignInAction.swift */,
				C39CB1442BDFFC76008B8537 /* SaveUserInfoAction.swift */,
				C39CB1472BE10E64008B8537 /* FetchOfficesAction.swift */,
				C39CB1492BE1138D008B8537 /* UploadImageAction.swift */,
				C3098E0A2BEE7E9700692D62 /* GetPostsAction.swift */,
			);
			path = Actions;
			sourceTree = "<group>";
		};
		C39CB14D2BE14D4D008B8537 /* SuggestIdeaScreen */ = {
			isa = PBXGroup;
			children = (
				C39CB14E2BE14D72008B8537 /* SuggestIdeaView.swift */,
				C39CB1502BE1563F008B8537 /* SuggestIdeaCoordinator.swift */,
				C39CB1522BE24E0A008B8537 /* SuggestIdeaViewModel.swift */,
			);
			path = SuggestIdeaScreen;
			sourceTree = "<group>";
		};
		C3A3AB082BBDF5BC008C707D /* Utilities */ = {
			isa = PBXGroup;
			children = (
				C3A3AB092BBDF5D2008C707D /* Auth.swift */,
			);
			path = Utilities;
			sourceTree = "<group>";
		};
		C3CBD48A2BA77ECD005968EF /* MainScreens */ = {
			isa = PBXGroup;
			children = (
				C3CBD48B2BA77EE5005968EF /* MainCoordinator.swift */,
				C3CBD4902BA77FB6005968EF /* ProfileScreen */,
				C3CBD48F2BA77FA5005968EF /* MyOfficeScreen */,
				C3CBD48E2BA77F8E005968EF /*  FavoritesScreen */,
				C3CBD48D2BA77F6E005968EF /* HomeScreen */,
			);
			path = MainScreens;
			sourceTree = "<group>";
		};
		C3CBD48D2BA77F6E005968EF /* HomeScreen */ = {
			isa = PBXGroup;
			children = (
				C3098E032BED5AB200692D62 /* FilterScreen */,
				C39CB14D2BE14D4D008B8537 /* SuggestIdeaScreen */,
				C3CBD4912BA7800A005968EF /* HomeCoordinator.swift */,
				C32221AC2BAB21A00063DDF2 /* HomeView.swift */,
				C39CB14B2BE14B0B008B8537 /* HomeViewModel.swift */,
			);
			path = HomeScreen;
			sourceTree = "<group>";
		};
		C3CBD48E2BA77F8E005968EF /*  FavoritesScreen */ = {
			isa = PBXGroup;
			children = (
				C3CBD4932BA78039005968EF /* FavoritesCoordinator.swift */,
				C32221AE2BAB220D0063DDF2 /* FavoritesView.swift */,
			);
			path = " FavoritesScreen";
			sourceTree = "<group>";
		};
		C3CBD48F2BA77FA5005968EF /* MyOfficeScreen */ = {
			isa = PBXGroup;
			children = (
				C32221B02BAB254A0063DDF2 /* MyOfficeCoordinator.swift */,
				C32221B22BAB25570063DDF2 /* MyOfficeView.swift */,
			);
			path = MyOfficeScreen;
			sourceTree = "<group>";
		};
		C3CBD4902BA77FB6005968EF /* ProfileScreen */ = {
			isa = PBXGroup;
			children = (
				C39CB13D2BDFC5B5008B8537 /* SetUpProfileScreen */,
				C32221B72BAB3A880063DDF2 /* ProfileCoordinator.swift */,
				C32221B92BAB3ACD0063DDF2 /* ProfileView.swift */,
				C33FFAE62BD7FA68008D2A1C /* ProfileViewModel.swift */,
			);
			path = ProfileScreen;
			sourceTree = "<group>";
		};
		C3E7F6CC2BC1E917002F68EA /* Enums */ = {
			isa = PBXGroup;
			children = (
				C3E7F6CD2BC1E933002F68EA /* NetworkError.swift */,
			);
			path = Enums;
			sourceTree = "<group>";
		};
		C3FC5E012B9E23E400F0D8D7 /* Models */ = {
			isa = PBXGroup;
			children = (
				C33FFAE92BD8017D008D2A1C /* Responses */,
				C33FFAE82BD80165008D2A1C /* Requests */,
			);
			path = Models;
			sourceTree = "<group>";
		};
/* End PBXGroup section */

/* Begin PBXNativeTarget section */
		3D27CED42B66CAAE003C81C5 /* Ideas-for-office-environment */ = {
			isa = PBXNativeTarget;
			buildConfigurationList = 3D27CEE32B66CAAF003C81C5 /* Build configuration list for PBXNativeTarget "Ideas-for-office-environment" */;
			buildPhases = (
				3D27CED12B66CAAE003C81C5 /* Sources */,
				3D27CED22B66CAAE003C81C5 /* Frameworks */,
				3D27CED32B66CAAE003C81C5 /* Resources */,
			);
			buildRules = (
			);
			dependencies = (
			);
			name = "Ideas-for-office-environment";
			packageProductDependencies = (
				C3A3AB002BBDF297008C707D /* SwiftKeychainWrapper */,
				C3E7F6F82BC48CC2002F68EA /* SDWebImageSwiftUI */,
			);
			productName = "Ideas-for-office-environment";
			productReference = 3D27CED52B66CAAE003C81C5 /* Ideas-for-office-environment.app */;
			productType = "com.apple.product-type.application";
		};
/* End PBXNativeTarget section */

/* Begin PBXProject section */
		3D27CECD2B66CAAE003C81C5 /* Project object */ = {
			isa = PBXProject;
			attributes = {
				BuildIndependentTargetsInParallel = 1;
				LastSwiftUpdateCheck = 1510;
				LastUpgradeCheck = 1510;
				TargetAttributes = {
					3D27CED42B66CAAE003C81C5 = {
						CreatedOnToolsVersion = 15.1;
					};
				};
			};
			buildConfigurationList = 3D27CED02B66CAAE003C81C5 /* Build configuration list for PBXProject "Ideas-for-office-environment" */;
			compatibilityVersion = "Xcode 14.0";
			developmentRegion = en;
			hasScannedForEncodings = 0;
			knownRegions = (
				en,
				Base,
			);
			mainGroup = 3D27CECC2B66CAAE003C81C5;
			packageReferences = (
				C3A3AAFF2BBDF297008C707D /* XCRemoteSwiftPackageReference "SwiftKeychainWrapper" */,
				C3E7F6F72BC48CC2002F68EA /* XCRemoteSwiftPackageReference "SDWebImageSwiftUI" */,
			);
			productRefGroup = 3D27CED62B66CAAE003C81C5 /* Products */;
			projectDirPath = "";
			projectRoot = "";
			targets = (
				3D27CED42B66CAAE003C81C5 /* Ideas-for-office-environment */,
			);
		};
/* End PBXProject section */

/* Begin PBXResourcesBuildPhase section */
		3D27CED32B66CAAE003C81C5 /* Resources */ = {
			isa = PBXResourcesBuildPhase;
			buildActionMask = 2147483647;
			files = (
				3D27CEE02B66CAAF003C81C5 /* Preview Assets.xcassets in Resources */,
				3DC71B1B2B931DEB00AA98C3 /* Localizable.strings in Resources */,
				3D27CEDD2B66CAAF003C81C5 /* Assets.xcassets in Resources */,
			);
			runOnlyForDeploymentPostprocessing = 0;
		};
/* End PBXResourcesBuildPhase section */

/* Begin PBXSourcesBuildPhase section */
		3D27CED12B66CAAE003C81C5 /* Sources */ = {
			isa = PBXSourcesBuildPhase;
			buildActionMask = 2147483647;
			files = (
				C39CB1532BE24E0A008B8537 /* SuggestIdeaViewModel.swift in Sources */,
				C3CBD48C2BA77EE5005968EF /* MainCoordinator.swift in Sources */,
				C3A3AAFA2BBDC606008C707D /* SignInRequest.swift in Sources */,
				C32AA02C2BA73DC700477E68 /* CustomTextField.swift in Sources */,
				3DC71B232B93425700AA98C3 /* KeyboardReadable+Extensions.swift in Sources */,
				C39CB14A2BE1138D008B8537 /* UploadImageAction.swift in Sources */,
				C39CB1412BDFC66C008B8537 /* SetUpProfileCoordinator.swift in Sources */,
				C32221B82BAB3A880063DDF2 /* ProfileCoordinator.swift in Sources */,
				C32AA0312BA73EA300477E68 /* Coordinator.swift in Sources */,
				C3E7F6D42BC33730002F68EA /* SignUpRequest.swift in Sources */,
				C32221B12BAB254A0063DDF2 /* MyOfficeCoordinator.swift in Sources */,
				C32AA02A2BA73D9D00477E68 /* SignUpNextView.swift in Sources */,
				3D1B64C32B66CF5600FC720E /* SignInView.swift in Sources */,
				C39CB1452BDFFC76008B8537 /* SaveUserInfoAction.swift in Sources */,
				C32221B32BAB25570063DDF2 /* MyOfficeView.swift in Sources */,
				C32AA0362BA75A4600477E68 /* SceneDelegate.swift in Sources */,
				C304C91E2BE5877C0003D59D /* IdeaPostResponse.swift in Sources */,
				C39118392BC72B5900A74485 /* ValidationAction.swift in Sources */,
				C354E2BC2BCB13460071D81A /* LoadingView.swift in Sources */,
				C304BC872BA1081400256450 /* Office.swift in Sources */,
				C33FFAEF2BD82A08008D2A1C /* UIImage+Extensions.swift in Sources */,
				C32AA0332BA74EC500477E68 /* AppCoordinator.swift in Sources */,
				3DC71B1D2B9328D000AA98C3 /* Strings+Generated.swift in Sources */,
				C32AA0272BA73D6100477E68 /* HybridTextField.swift in Sources */,
				C39CB1482BE10E64008B8537 /* FetchOfficesAction.swift in Sources */,
				C3098E072BEE66BA00692D62 /* FilterViewModel.swift in Sources */,
				C32221BA2BAB3ACD0063DDF2 /* ProfileView.swift in Sources */,
				C32221AF2BAB220D0063DDF2 /* FavoritesView.swift in Sources */,
				C3E7F6CE2BC1E933002F68EA /* NetworkError.swift in Sources */,
				C3098E052BED5BB300692D62 /* FilterView.swift in Sources */,
				C33FFAEB2BD801B9008D2A1C /* UserInfoResponse.swift in Sources */,
				C3A3AB0A2BBDF5D2008C707D /* Auth.swift in Sources */,
				C3CBD4922BA7800A005968EF /* HomeCoordinator.swift in Sources */,
				C33FFAE72BD7FA68008D2A1C /* ProfileViewModel.swift in Sources */,
				C3098E092BEE66D900692D62 /* FilterCoordinator.swift in Sources */,
				C3E7F6F62BC4898F002F68EA /* SignUpAction.swift in Sources */,
				C32AA02E2BA73DFC00477E68 /* CarousalView.swift in Sources */,
				C39CB14F2BE14D72008B8537 /* SuggestIdeaView.swift in Sources */,
				C3A3AAFE2BBDC99B008C707D /* SignInAction.swift in Sources */,
				C32221AD2BAB21A00063DDF2 /* HomeView.swift in Sources */,
				C39CB14C2BE14B0B008B8537 /* HomeViewModel.swift in Sources */,
				C32AA0242BA73D1700477E68 /* SignUpView.swift in Sources */,
				C3098E0B2BEE7E9700692D62 /* GetPostsAction.swift in Sources */,
				C3CBD4892BA76E47005968EF /* SignUpCoordinator.swift in Sources */,
				C39CB1512BE1563F008B8537 /* SuggestIdeaCoordinator.swift in Sources */,
				3D27CED92B66CAAE003C81C5 /* AppDelegate.swift in Sources */,
				C3CBD4942BA78039005968EF /* FavoritesCoordinator.swift in Sources */,
				C3E7F6D02BC2DDEA002F68EA /* SignUpViewModel.swift in Sources */,
				C354E2BA2BCADA270071D81A /* SignUpResponse.swift in Sources */,
				3DC71B252B93CCB200AA98C3 /* View+Extensions.swift in Sources */,
				C3A3AAF82BBDC470008C707D /* SignInViewModel.swift in Sources */,
				C3A3AAFC2BBDC90A008C707D /* SignInResponse.swift in Sources */,
				C32221B52BAB2DAF0063DDF2 /* SignInCoordinator.swift in Sources */,
				C39CB13F2BDFC5EF008B8537 /* SetUpProfileView.swift in Sources */,
				C33FFAF12BD82A28008D2A1C /* String+Extensions.swift in Sources */,
				C32221BD2BAB3CBB0063DDF2 /* PostView.swift in Sources */,
				C32221E02BB372AE0063DDF2 /* CommentView.swift in Sources */,
				3DC71B172B927C8B00AA98C3 /* Constants.swift in Sources */,
				C33FFAED2BD8054E008D2A1C /* GetUserInfoAction.swift in Sources */,
			);
			runOnlyForDeploymentPostprocessing = 0;
		};
/* End PBXSourcesBuildPhase section */

/* Begin XCBuildConfiguration section */
		3D27CEE12B66CAAF003C81C5 /* Debug */ = {
			isa = XCBuildConfiguration;
			buildSettings = {
				ALWAYS_SEARCH_USER_PATHS = NO;
				ASSETCATALOG_COMPILER_GENERATE_SWIFT_ASSET_SYMBOL_EXTENSIONS = YES;
				CLANG_ANALYZER_NONNULL = YES;
				CLANG_ANALYZER_NUMBER_OBJECT_CONVERSION = YES_AGGRESSIVE;
				CLANG_CXX_LANGUAGE_STANDARD = "gnu++20";
				CLANG_ENABLE_MODULES = YES;
				CLANG_ENABLE_OBJC_ARC = YES;
				CLANG_ENABLE_OBJC_WEAK = YES;
				CLANG_WARN_BLOCK_CAPTURE_AUTORELEASING = YES;
				CLANG_WARN_BOOL_CONVERSION = YES;
				CLANG_WARN_COMMA = YES;
				CLANG_WARN_CONSTANT_CONVERSION = YES;
				CLANG_WARN_DEPRECATED_OBJC_IMPLEMENTATIONS = YES;
				CLANG_WARN_DIRECT_OBJC_ISA_USAGE = YES_ERROR;
				CLANG_WARN_DOCUMENTATION_COMMENTS = YES;
				CLANG_WARN_EMPTY_BODY = YES;
				CLANG_WARN_ENUM_CONVERSION = YES;
				CLANG_WARN_INFINITE_RECURSION = YES;
				CLANG_WARN_INT_CONVERSION = YES;
				CLANG_WARN_NON_LITERAL_NULL_CONVERSION = YES;
				CLANG_WARN_OBJC_IMPLICIT_RETAIN_SELF = YES;
				CLANG_WARN_OBJC_LITERAL_CONVERSION = YES;
				CLANG_WARN_OBJC_ROOT_CLASS = YES_ERROR;
				CLANG_WARN_QUOTED_INCLUDE_IN_FRAMEWORK_HEADER = YES;
				CLANG_WARN_RANGE_LOOP_ANALYSIS = YES;
				CLANG_WARN_STRICT_PROTOTYPES = YES;
				CLANG_WARN_SUSPICIOUS_MOVE = YES;
				CLANG_WARN_UNGUARDED_AVAILABILITY = YES_AGGRESSIVE;
				CLANG_WARN_UNREACHABLE_CODE = YES;
				CLANG_WARN__DUPLICATE_METHOD_MATCH = YES;
				COPY_PHASE_STRIP = NO;
				DEBUG_INFORMATION_FORMAT = dwarf;
				ENABLE_STRICT_OBJC_MSGSEND = YES;
				ENABLE_TESTABILITY = YES;
				ENABLE_USER_SCRIPT_SANDBOXING = YES;
				GCC_C_LANGUAGE_STANDARD = gnu17;
				GCC_DYNAMIC_NO_PIC = NO;
				GCC_NO_COMMON_BLOCKS = YES;
				GCC_OPTIMIZATION_LEVEL = 0;
				GCC_PREPROCESSOR_DEFINITIONS = (
					"DEBUG=1",
					"$(inherited)",
				);
				GCC_WARN_64_TO_32_BIT_CONVERSION = YES;
				GCC_WARN_ABOUT_RETURN_TYPE = YES_ERROR;
				GCC_WARN_UNDECLARED_SELECTOR = YES;
				GCC_WARN_UNINITIALIZED_AUTOS = YES_AGGRESSIVE;
				GCC_WARN_UNUSED_FUNCTION = YES;
				GCC_WARN_UNUSED_VARIABLE = YES;
				IPHONEOS_DEPLOYMENT_TARGET = 15.8;
				LOCALIZATION_PREFERS_STRING_CATALOGS = YES;
				MTL_ENABLE_DEBUG_INFO = INCLUDE_SOURCE;
				MTL_FAST_MATH = YES;
				ONLY_ACTIVE_ARCH = YES;
				SDKROOT = iphoneos;
				SWIFT_ACTIVE_COMPILATION_CONDITIONS = "DEBUG $(inherited)";
				SWIFT_OPTIMIZATION_LEVEL = "-Onone";
			};
			name = Debug;
		};
		3D27CEE22B66CAAF003C81C5 /* Release */ = {
			isa = XCBuildConfiguration;
			buildSettings = {
				ALWAYS_SEARCH_USER_PATHS = NO;
				ASSETCATALOG_COMPILER_GENERATE_SWIFT_ASSET_SYMBOL_EXTENSIONS = YES;
				CLANG_ANALYZER_NONNULL = YES;
				CLANG_ANALYZER_NUMBER_OBJECT_CONVERSION = YES_AGGRESSIVE;
				CLANG_CXX_LANGUAGE_STANDARD = "gnu++20";
				CLANG_ENABLE_MODULES = YES;
				CLANG_ENABLE_OBJC_ARC = YES;
				CLANG_ENABLE_OBJC_WEAK = YES;
				CLANG_WARN_BLOCK_CAPTURE_AUTORELEASING = YES;
				CLANG_WARN_BOOL_CONVERSION = YES;
				CLANG_WARN_COMMA = YES;
				CLANG_WARN_CONSTANT_CONVERSION = YES;
				CLANG_WARN_DEPRECATED_OBJC_IMPLEMENTATIONS = YES;
				CLANG_WARN_DIRECT_OBJC_ISA_USAGE = YES_ERROR;
				CLANG_WARN_DOCUMENTATION_COMMENTS = YES;
				CLANG_WARN_EMPTY_BODY = YES;
				CLANG_WARN_ENUM_CONVERSION = YES;
				CLANG_WARN_INFINITE_RECURSION = YES;
				CLANG_WARN_INT_CONVERSION = YES;
				CLANG_WARN_NON_LITERAL_NULL_CONVERSION = YES;
				CLANG_WARN_OBJC_IMPLICIT_RETAIN_SELF = YES;
				CLANG_WARN_OBJC_LITERAL_CONVERSION = YES;
				CLANG_WARN_OBJC_ROOT_CLASS = YES_ERROR;
				CLANG_WARN_QUOTED_INCLUDE_IN_FRAMEWORK_HEADER = YES;
				CLANG_WARN_RANGE_LOOP_ANALYSIS = YES;
				CLANG_WARN_STRICT_PROTOTYPES = YES;
				CLANG_WARN_SUSPICIOUS_MOVE = YES;
				CLANG_WARN_UNGUARDED_AVAILABILITY = YES_AGGRESSIVE;
				CLANG_WARN_UNREACHABLE_CODE = YES;
				CLANG_WARN__DUPLICATE_METHOD_MATCH = YES;
				COPY_PHASE_STRIP = NO;
				DEBUG_INFORMATION_FORMAT = "dwarf-with-dsym";
				ENABLE_NS_ASSERTIONS = NO;
				ENABLE_STRICT_OBJC_MSGSEND = YES;
				ENABLE_USER_SCRIPT_SANDBOXING = YES;
				GCC_C_LANGUAGE_STANDARD = gnu17;
				GCC_NO_COMMON_BLOCKS = YES;
				GCC_WARN_64_TO_32_BIT_CONVERSION = YES;
				GCC_WARN_ABOUT_RETURN_TYPE = YES_ERROR;
				GCC_WARN_UNDECLARED_SELECTOR = YES;
				GCC_WARN_UNINITIALIZED_AUTOS = YES_AGGRESSIVE;
				GCC_WARN_UNUSED_FUNCTION = YES;
				GCC_WARN_UNUSED_VARIABLE = YES;
				IPHONEOS_DEPLOYMENT_TARGET = 15.8;
				LOCALIZATION_PREFERS_STRING_CATALOGS = YES;
				MTL_ENABLE_DEBUG_INFO = NO;
				MTL_FAST_MATH = YES;
				SDKROOT = iphoneos;
				SWIFT_COMPILATION_MODE = wholemodule;
				VALIDATE_PRODUCT = YES;
			};
			name = Release;
		};
		3D27CEE42B66CAAF003C81C5 /* Debug */ = {
			isa = XCBuildConfiguration;
			buildSettings = {
				ASSETCATALOG_COMPILER_APPICON_NAME = AppIcon;
				ASSETCATALOG_COMPILER_GLOBAL_ACCENT_COLOR_NAME = AccentColor;
				CODE_SIGN_STYLE = Automatic;
				CURRENT_PROJECT_VERSION = 1;
				DEVELOPMENT_ASSET_PATHS = "\"Ideas-for-office-environment/Preview Content\"";
				DEVELOPMENT_TEAM = QQXC2V882Q;
				ENABLE_PREVIEWS = YES;
				GENERATE_INFOPLIST_FILE = YES;
				INFOPLIST_FILE = "Ideas-for-office-environment/Info.plist";
				INFOPLIST_KEY_UIApplicationSupportsIndirectInputEvents = YES;
				INFOPLIST_KEY_UILaunchScreen_Generation = YES;
				INFOPLIST_KEY_UISupportedInterfaceOrientations_iPad = "UIInterfaceOrientationPortrait UIInterfaceOrientationPortraitUpsideDown UIInterfaceOrientationLandscapeLeft UIInterfaceOrientationLandscapeRight";
				INFOPLIST_KEY_UISupportedInterfaceOrientations_iPhone = "UIInterfaceOrientationPortrait UIInterfaceOrientationLandscapeLeft UIInterfaceOrientationLandscapeRight";
				IPHONEOS_DEPLOYMENT_TARGET = 17.0;
				LD_RUNPATH_SEARCH_PATHS = (
					"$(inherited)",
					"@executable_path/Frameworks",
				);
				MARKETING_VERSION = 1.0;
				PRODUCT_BUNDLE_IDENTIFIER = "edxswift.Ideas-for-office-environment";
				PRODUCT_NAME = "$(TARGET_NAME)";
				SWIFT_EMIT_LOC_STRINGS = YES;
				SWIFT_VERSION = 5.0;
				TARGETED_DEVICE_FAMILY = "1,2";
			};
			name = Debug;
		};
		3D27CEE52B66CAAF003C81C5 /* Release */ = {
			isa = XCBuildConfiguration;
			buildSettings = {
				ASSETCATALOG_COMPILER_APPICON_NAME = AppIcon;
				ASSETCATALOG_COMPILER_GLOBAL_ACCENT_COLOR_NAME = AccentColor;
				CODE_SIGN_STYLE = Automatic;
				CURRENT_PROJECT_VERSION = 1;
				DEVELOPMENT_ASSET_PATHS = "\"Ideas-for-office-environment/Preview Content\"";
				DEVELOPMENT_TEAM = QQXC2V882Q;
				ENABLE_PREVIEWS = YES;
				GENERATE_INFOPLIST_FILE = YES;
				INFOPLIST_FILE = "Ideas-for-office-environment/Info.plist";
				INFOPLIST_KEY_UIApplicationSupportsIndirectInputEvents = YES;
				INFOPLIST_KEY_UILaunchScreen_Generation = YES;
				INFOPLIST_KEY_UISupportedInterfaceOrientations_iPad = "UIInterfaceOrientationPortrait UIInterfaceOrientationPortraitUpsideDown UIInterfaceOrientationLandscapeLeft UIInterfaceOrientationLandscapeRight";
				INFOPLIST_KEY_UISupportedInterfaceOrientations_iPhone = "UIInterfaceOrientationPortrait UIInterfaceOrientationLandscapeLeft UIInterfaceOrientationLandscapeRight";
				IPHONEOS_DEPLOYMENT_TARGET = 17.0;
				LD_RUNPATH_SEARCH_PATHS = (
					"$(inherited)",
					"@executable_path/Frameworks",
				);
				MARKETING_VERSION = 1.0;
				PRODUCT_BUNDLE_IDENTIFIER = "edxswift.Ideas-for-office-environment";
				PRODUCT_NAME = "$(TARGET_NAME)";
				SWIFT_EMIT_LOC_STRINGS = YES;
				SWIFT_VERSION = 5.0;
				TARGETED_DEVICE_FAMILY = "1,2";
			};
			name = Release;
		};
/* End XCBuildConfiguration section */

/* Begin XCConfigurationList section */
		3D27CED02B66CAAE003C81C5 /* Build configuration list for PBXProject "Ideas-for-office-environment" */ = {
			isa = XCConfigurationList;
			buildConfigurations = (
				3D27CEE12B66CAAF003C81C5 /* Debug */,
				3D27CEE22B66CAAF003C81C5 /* Release */,
			);
			defaultConfigurationIsVisible = 0;
			defaultConfigurationName = Release;
		};
		3D27CEE32B66CAAF003C81C5 /* Build configuration list for PBXNativeTarget "Ideas-for-office-environment" */ = {
			isa = XCConfigurationList;
			buildConfigurations = (
				3D27CEE42B66CAAF003C81C5 /* Debug */,
				3D27CEE52B66CAAF003C81C5 /* Release */,
			);
			defaultConfigurationIsVisible = 0;
			defaultConfigurationName = Release;
		};
/* End XCConfigurationList section */

/* Begin XCRemoteSwiftPackageReference section */
		C3A3AAFF2BBDF297008C707D /* XCRemoteSwiftPackageReference "SwiftKeychainWrapper" */ = {
			isa = XCRemoteSwiftPackageReference;
			repositoryURL = "https://github.com/jrendel/SwiftKeychainWrapper.git";
			requirement = {
				kind = upToNextMajorVersion;
				minimumVersion = 4.0.1;
			};
		};
		C3E7F6F72BC48CC2002F68EA /* XCRemoteSwiftPackageReference "SDWebImageSwiftUI" */ = {
			isa = XCRemoteSwiftPackageReference;
			repositoryURL = "https://github.com/SDWebImage/SDWebImageSwiftUI.git";
			requirement = {
				kind = upToNextMajorVersion;
				minimumVersion = 3.0.2;
			};
		};
/* End XCRemoteSwiftPackageReference section */

/* Begin XCSwiftPackageProductDependency section */
		C3A3AB002BBDF297008C707D /* SwiftKeychainWrapper */ = {
			isa = XCSwiftPackageProductDependency;
			package = C3A3AAFF2BBDF297008C707D /* XCRemoteSwiftPackageReference "SwiftKeychainWrapper" */;
			productName = SwiftKeychainWrapper;
		};
		C3E7F6F82BC48CC2002F68EA /* SDWebImageSwiftUI */ = {
			isa = XCSwiftPackageProductDependency;
			package = C3E7F6F72BC48CC2002F68EA /* XCRemoteSwiftPackageReference "SDWebImageSwiftUI" */;
			productName = SDWebImageSwiftUI;
		};
/* End XCSwiftPackageProductDependency section */
	};
	rootObject = 3D27CECD2B66CAAE003C81C5 /* Project object */;
}
